Microsoft Visual Studio Solution File, Format Version 12.00
# Visual Studio Version 17
VisualStudioVersion = 17.5.2.0
MinimumVisualStudioVersion = 10.0.40219.1
Project("{2150E333-8FDC-42A3-9474-1A3956D46DE8}") = "software-construction-documentation", "software-construction-documentation", "{797B0B4F-F19B-20DD-4EBA-1D533FDDEC56}"
EndProject
Project("{2150E333-8FDC-42A3-9474-1A3956D46DE8}") = "lab_03", "lab_03", "{C7BA17BB-7F2D-5679-6B2F-20100E38AF93}"
EndProject
Project("{FAE04EC0-301F-11D3-BF4B-00C04F79EFBC}") = "PFMS", "software-construction-documentation\lab_03\PFMS.csproj", "{4C42B306-1E78-4535-EE4A-D2A4408DA571}"
EndProject
Global
	GlobalSection(SolutionConfigurationPlatforms) = preSolution
		Debug|Any CPU = Debug|Any CPU
		Release|Any CPU = Release|Any CPU
	EndGlobalSection
	GlobalSection(ProjectConfigurationPlatforms) = postSolution
		{4C42B306-1E78-4535-EE4A-D2A4408DA571}.Debug|Any CPU.ActiveCfg = Debug|Any CPU
		{4C42B306-1E78-4535-EE4A-D2A4408DA571}.Debug|Any CPU.Build.0 = Debug|Any CPU
		{4C42B306-1E78-4535-EE4A-D2A4408DA571}.Release|Any CPU.ActiveCfg = Release|Any CPU
		{4C42B306-1E78-4535-EE4A-D2A4408DA571}.Release|Any CPU.Build.0 = Release|Any CPU
	EndGlobalSection
	GlobalSection(SolutionProperties) = preSolution
		HideSolutionNode = FALSE
	EndGlobalSection
	GlobalSection(NestedProjects) = preSolution
		{C7BA17BB-7F2D-5679-6B2F-20100E38AF93} = {797B0B4F-F19B-20DD-4EBA-1D533FDDEC56}
		{4C42B306-1E78-4535-EE4A-D2A4408DA571} = {C7BA17BB-7F2D-5679-6B2F-20100E38AF93}
	EndGlobalSection
	GlobalSection(ExtensibilityGlobals) = postSolution
		SolutionGuid = {72096457-1652-4220-AE18-47C3C85E6A05}
	EndGlobalSection
EndGlobal
